{
  "name": "crypto-balance",
  "version": "1.0.0",
  "lockfileVersion": 1,
  "requires": true,
  "dependencies": {
    "cryptocurrency-icons": {
      "version": "0.13.0",
      "resolved": "https://registry.npmjs.org/cryptocurrency-icons/-/cryptocurrency-icons-0.13.0.tgz",
      "integrity": "sha512-jYln6EgxDFBVpQ7ePA9W8c1BIqLodkuZ5KFJTZrcbz43sAMIBBhAUTcOWcCN/qGenQR3it0V333F3k06rrvF5Q=="
    }
  }
}
